// !$*UTF8*$!
{
	archiveVersion = 1;
	classes = {
	};
	objectVersion = 51;
	objects = {

/* Begin PBXBuildFile section */
		0C0B9A83770DA6F80297D94B /* Pods_RickAndMortyiOS_RickAndMortyiOSUITests.framework in Frameworks */ = {isa = PBXBuildFile; fileRef = 0342F98BA9EE4640460FF78B /* Pods_RickAndMortyiOS_RickAndMortyiOSUITests.framework */; };
		36CECEA5521DEB5EFFC8B0DD /* Pods_RickAndMortyiOS.framework in Frameworks */ = {isa = PBXBuildFile; fileRef = 634C72FCCB4DE2D08E327DEE /* Pods_RickAndMortyiOS.framework */; };
		656D0F9624E6ED5700A74E51 /* AppDelegate.swift in Sources */ = {isa = PBXBuildFile; fileRef = 656D0F9524E6ED5700A74E51 /* AppDelegate.swift */; };
		656D0F9824E6ED5700A74E51 /* SceneDelegate.swift in Sources */ = {isa = PBXBuildFile; fileRef = 656D0F9724E6ED5700A74E51 /* SceneDelegate.swift */; };
		656D0F9A24E6ED5700A74E51 /* CharactersListViewController.swift in Sources */ = {isa = PBXBuildFile; fileRef = 656D0F9924E6ED5700A74E51 /* CharactersListViewController.swift */; };
		656D0F9F24E6ED5A00A74E51 /* Assets.xcassets in Resources */ = {isa = PBXBuildFile; fileRef = 656D0F9E24E6ED5A00A74E51 /* Assets.xcassets */; };
		656D0FAD24E6ED5A00A74E51 /* RickAndMortyiOSTests.swift in Sources */ = {isa = PBXBuildFile; fileRef = 656D0FAC24E6ED5A00A74E51 /* RickAndMortyiOSTests.swift */; };
		656D0FB824E6ED5A00A74E51 /* RickAndMortyiOSUITests.swift in Sources */ = {isa = PBXBuildFile; fileRef = 656D0FB724E6ED5A00A74E51 /* RickAndMortyiOSUITests.swift */; };
		656D0FC624E6ED8C00A74E51 /* RemoteRickAndMortyCharacterItem.swift in Sources */ = {isa = PBXBuildFile; fileRef = 656D0FC524E6ED8C00A74E51 /* RemoteRickAndMortyCharacterItem.swift */; };
		656D0FCA24E83BDC00A74E51 /* URLSessionHTTPClient.swift in Sources */ = {isa = PBXBuildFile; fileRef = 656D0FC924E83BDC00A74E51 /* URLSessionHTTPClient.swift */; };
		656D0FCC24E83C0000A74E51 /* URLSessionHTTPClientTest.swift in Sources */ = {isa = PBXBuildFile; fileRef = 656D0FCB24E83C0000A74E51 /* URLSessionHTTPClientTest.swift */; };
		656D0FD024E83E3800A74E51 /* HTTPClient.swift in Sources */ = {isa = PBXBuildFile; fileRef = 656D0FCF24E83E3800A74E51 /* HTTPClient.swift */; };
		656D0FD424E8446A00A74E51 /* CharactersViewModel.swift in Sources */ = {isa = PBXBuildFile; fileRef = 656D0FD324E8446A00A74E51 /* CharactersViewModel.swift */; };
		656D0FD624E845DD00A74E51 /* RickAndMortyAPI.swift in Sources */ = {isa = PBXBuildFile; fileRef = 656D0FD524E845DD00A74E51 /* RickAndMortyAPI.swift */; };
		656D0FD824E85FEF00A74E51 /* CharacterLoader.swift in Sources */ = {isa = PBXBuildFile; fileRef = 656D0FD724E85FEF00A74E51 /* CharacterLoader.swift */; };
		656D0FE024E93E2100A74E51 /* RickAndMortyAPITests.swift in Sources */ = {isa = PBXBuildFile; fileRef = 656D0FDF24E93E2100A74E51 /* RickAndMortyAPITests.swift */; };
		656D0FE624E9486B00A74E51 /* CharacterViewController.swift in Sources */ = {isa = PBXBuildFile; fileRef = 656D0FE524E9486B00A74E51 /* CharacterViewController.swift */; };
		656D0FE824E94C4100A74E51 /* RickAndMortyCharacter.swift in Sources */ = {isa = PBXBuildFile; fileRef = 656D0FE724E94C4100A74E51 /* RickAndMortyCharacter.swift */; };
		78749447D019C77F75798080 /* Pods_RickAndMortyiOSTests.framework in Frameworks */ = {isa = PBXBuildFile; fileRef = 42687F2867FA527C778A62D0 /* Pods_RickAndMortyiOSTests.framework */; };
/* End PBXBuildFile section */

/* Begin PBXContainerItemProxy section */
		656D0FA924E6ED5A00A74E51 /* PBXContainerItemProxy */ = {
			isa = PBXContainerItemProxy;
			containerPortal = 656D0F8A24E6ED5700A74E51 /* Project object */;
			proxyType = 1;
			remoteGlobalIDString = 656D0F9124E6ED5700A74E51;
			remoteInfo = RickAndMortyiOS;
		};
		656D0FB424E6ED5A00A74E51 /* PBXContainerItemProxy */ = {
			isa = PBXContainerItemProxy;
			containerPortal = 656D0F8A24E6ED5700A74E51 /* Project object */;
			proxyType = 1;
			remoteGlobalIDString = 656D0F9124E6ED5700A74E51;
			remoteInfo = RickAndMortyiOS;
		};
/* End PBXContainerItemProxy section */

/* Begin PBXFileReference section */
		0342F98BA9EE4640460FF78B /* Pods_RickAndMortyiOS_RickAndMortyiOSUITests.framework */ = {isa = PBXFileReference; explicitFileType = wrapper.framework; includeInIndex = 0; path = Pods_RickAndMortyiOS_RickAndMortyiOSUITests.framework; sourceTree = BUILT_PRODUCTS_DIR; };
		1A3950F08D2569913DC3A95E /* Pods-RickAndMortyiOSTests.debug.xcconfig */ = {isa = PBXFileReference; includeInIndex = 1; lastKnownFileType = text.xcconfig; name = "Pods-RickAndMortyiOSTests.debug.xcconfig"; path = "Target Support Files/Pods-RickAndMortyiOSTests/Pods-RickAndMortyiOSTests.debug.xcconfig"; sourceTree = "<group>"; };
		33B5DD23A599895C689C7FE3 /* Pods-RickAndMortyiOS.debug.xcconfig */ = {isa = PBXFileReference; includeInIndex = 1; lastKnownFileType = text.xcconfig; name = "Pods-RickAndMortyiOS.debug.xcconfig"; path = "Target Support Files/Pods-RickAndMortyiOS/Pods-RickAndMortyiOS.debug.xcconfig"; sourceTree = "<group>"; };
		42687F2867FA527C778A62D0 /* Pods_RickAndMortyiOSTests.framework */ = {isa = PBXFileReference; explicitFileType = wrapper.framework; includeInIndex = 0; path = Pods_RickAndMortyiOSTests.framework; sourceTree = BUILT_PRODUCTS_DIR; };
		459F87F1E0B7BDCD50610CFE /* Pods-RickAndMortyiOS-RickAndMortyiOSUITests.debug.xcconfig */ = {isa = PBXFileReference; includeInIndex = 1; lastKnownFileType = text.xcconfig; name = "Pods-RickAndMortyiOS-RickAndMortyiOSUITests.debug.xcconfig"; path = "Target Support Files/Pods-RickAndMortyiOS-RickAndMortyiOSUITests/Pods-RickAndMortyiOS-RickAndMortyiOSUITests.debug.xcconfig"; sourceTree = "<group>"; };
		634C72FCCB4DE2D08E327DEE /* Pods_RickAndMortyiOS.framework */ = {isa = PBXFileReference; explicitFileType = wrapper.framework; includeInIndex = 0; path = Pods_RickAndMortyiOS.framework; sourceTree = BUILT_PRODUCTS_DIR; };
		656D0F9224E6ED5700A74E51 /* RickAndMortyiOS.app */ = {isa = PBXFileReference; explicitFileType = wrapper.application; includeInIndex = 0; path = RickAndMortyiOS.app; sourceTree = BUILT_PRODUCTS_DIR; };
		656D0F9524E6ED5700A74E51 /* AppDelegate.swift */ = {isa = PBXFileReference; lastKnownFileType = sourcecode.swift; path = AppDelegate.swift; sourceTree = "<group>"; };
		656D0F9724E6ED5700A74E51 /* SceneDelegate.swift */ = {isa = PBXFileReference; lastKnownFileType = sourcecode.swift; path = SceneDelegate.swift; sourceTree = "<group>"; };
		656D0F9924E6ED5700A74E51 /* CharactersListViewController.swift */ = {isa = PBXFileReference; lastKnownFileType = sourcecode.swift; path = CharactersListViewController.swift; sourceTree = "<group>"; };
		656D0F9E24E6ED5A00A74E51 /* Assets.xcassets */ = {isa = PBXFileReference; lastKnownFileType = folder.assetcatalog; path = Assets.xcassets; sourceTree = "<group>"; };
		656D0FA324E6ED5A00A74E51 /* Info.plist */ = {isa = PBXFileReference; lastKnownFileType = text.plist.xml; path = Info.plist; sourceTree = "<group>"; };
		656D0FA824E6ED5A00A74E51 /* RickAndMortyiOSTests.xctest */ = {isa = PBXFileReference; explicitFileType = wrapper.cfbundle; includeInIndex = 0; path = RickAndMortyiOSTests.xctest; sourceTree = BUILT_PRODUCTS_DIR; };
		656D0FAC24E6ED5A00A74E51 /* RickAndMortyiOSTests.swift */ = {isa = PBXFileReference; lastKnownFileType = sourcecode.swift; path = RickAndMortyiOSTests.swift; sourceTree = "<group>"; };
		656D0FAE24E6ED5A00A74E51 /* Info.plist */ = {isa = PBXFileReference; lastKnownFileType = text.plist.xml; path = Info.plist; sourceTree = "<group>"; };
		656D0FB324E6ED5A00A74E51 /* RickAndMortyiOSUITests.xctest */ = {isa = PBXFileReference; explicitFileType = wrapper.cfbundle; includeInIndex = 0; path = RickAndMortyiOSUITests.xctest; sourceTree = BUILT_PRODUCTS_DIR; };
		656D0FB724E6ED5A00A74E51 /* RickAndMortyiOSUITests.swift */ = {isa = PBXFileReference; lastKnownFileType = sourcecode.swift; path = RickAndMortyiOSUITests.swift; sourceTree = "<group>"; };
		656D0FB924E6ED5A00A74E51 /* Info.plist */ = {isa = PBXFileReference; lastKnownFileType = text.plist.xml; path = Info.plist; sourceTree = "<group>"; };
		656D0FC524E6ED8C00A74E51 /* RemoteRickAndMortyCharacterItem.swift */ = {isa = PBXFileReference; lastKnownFileType = sourcecode.swift; path = RemoteRickAndMortyCharacterItem.swift; sourceTree = "<group>"; };
		656D0FC924E83BDC00A74E51 /* URLSessionHTTPClient.swift */ = {isa = PBXFileReference; lastKnownFileType = sourcecode.swift; path = URLSessionHTTPClient.swift; sourceTree = "<group>"; };
		656D0FCB24E83C0000A74E51 /* URLSessionHTTPClientTest.swift */ = {isa = PBXFileReference; lastKnownFileType = sourcecode.swift; path = URLSessionHTTPClientTest.swift; sourceTree = "<group>"; };
		656D0FCF24E83E3800A74E51 /* HTTPClient.swift */ = {isa = PBXFileReference; lastKnownFileType = sourcecode.swift; path = HTTPClient.swift; sourceTree = "<group>"; };
		656D0FD324E8446A00A74E51 /* CharactersViewModel.swift */ = {isa = PBXFileReference; lastKnownFileType = sourcecode.swift; path = CharactersViewModel.swift; sourceTree = "<group>"; };
		656D0FD524E845DD00A74E51 /* RickAndMortyAPI.swift */ = {isa = PBXFileReference; lastKnownFileType = sourcecode.swift; path = RickAndMortyAPI.swift; sourceTree = "<group>"; };
		656D0FD724E85FEF00A74E51 /* CharacterLoader.swift */ = {isa = PBXFileReference; lastKnownFileType = sourcecode.swift; path = CharacterLoader.swift; sourceTree = "<group>"; };
		656D0FDF24E93E2100A74E51 /* RickAndMortyAPITests.swift */ = {isa = PBXFileReference; lastKnownFileType = sourcecode.swift; path = RickAndMortyAPITests.swift; sourceTree = "<group>"; };
		656D0FE524E9486B00A74E51 /* CharacterViewController.swift */ = {isa = PBXFileReference; lastKnownFileType = sourcecode.swift; path = CharacterViewController.swift; sourceTree = "<group>"; };
		656D0FE724E94C4100A74E51 /* RickAndMortyCharacter.swift */ = {isa = PBXFileReference; lastKnownFileType = sourcecode.swift; path = RickAndMortyCharacter.swift; sourceTree = "<group>"; };
		B32108E68BFD2907A692BF44 /* Pods-RickAndMortyiOSTests.release.xcconfig */ = {isa = PBXFileReference; includeInIndex = 1; lastKnownFileType = text.xcconfig; name = "Pods-RickAndMortyiOSTests.release.xcconfig"; path = "Target Support Files/Pods-RickAndMortyiOSTests/Pods-RickAndMortyiOSTests.release.xcconfig"; sourceTree = "<group>"; };
		F24EE8F6FF53D17B9DF4E441 /* Pods-RickAndMortyiOS.release.xcconfig */ = {isa = PBXFileReference; includeInIndex = 1; lastKnownFileType = text.xcconfig; name = "Pods-RickAndMortyiOS.release.xcconfig"; path = "Target Support Files/Pods-RickAndMortyiOS/Pods-RickAndMortyiOS.release.xcconfig"; sourceTree = "<group>"; };
		F9A2D57ED054891C00378A81 /* Pods-RickAndMortyiOS-RickAndMortyiOSUITests.release.xcconfig */ = {isa = PBXFileReference; includeInIndex = 1; lastKnownFileType = text.xcconfig; name = "Pods-RickAndMortyiOS-RickAndMortyiOSUITests.release.xcconfig"; path = "Target Support Files/Pods-RickAndMortyiOS-RickAndMortyiOSUITests/Pods-RickAndMortyiOS-RickAndMortyiOSUITests.release.xcconfig"; sourceTree = "<group>"; };
/* End PBXFileReference section */

/* Begin PBXFrameworksBuildPhase section */
		656D0F8F24E6ED5700A74E51 /* Frameworks */ = {
			isa = PBXFrameworksBuildPhase;
			buildActionMask = 2147483647;
			files = (
				36CECEA5521DEB5EFFC8B0DD /* Pods_RickAndMortyiOS.framework in Frameworks */,
			);
			runOnlyForDeploymentPostprocessing = 0;
		};
		656D0FA524E6ED5A00A74E51 /* Frameworks */ = {
			isa = PBXFrameworksBuildPhase;
			buildActionMask = 2147483647;
			files = (
				78749447D019C77F75798080 /* Pods_RickAndMortyiOSTests.framework in Frameworks */,
			);
			runOnlyForDeploymentPostprocessing = 0;
		};
		656D0FB024E6ED5A00A74E51 /* Frameworks */ = {
			isa = PBXFrameworksBuildPhase;
			buildActionMask = 2147483647;
			files = (
				0C0B9A83770DA6F80297D94B /* Pods_RickAndMortyiOS_RickAndMortyiOSUITests.framework in Frameworks */,
			);
			runOnlyForDeploymentPostprocessing = 0;
		};
/* End PBXFrameworksBuildPhase section */

/* Begin PBXGroup section */
		46C487BF29BCA204C111455E /* Frameworks */ = {
			isa = PBXGroup;
			children = (
				634C72FCCB4DE2D08E327DEE /* Pods_RickAndMortyiOS.framework */,
				0342F98BA9EE4640460FF78B /* Pods_RickAndMortyiOS_RickAndMortyiOSUITests.framework */,
				42687F2867FA527C778A62D0 /* Pods_RickAndMortyiOSTests.framework */,
			);
			name = Frameworks;
			sourceTree = "<group>";
		};
		4D0208D35FA8011CD4720F8B /* Pods */ = {
			isa = PBXGroup;
			children = (
				33B5DD23A599895C689C7FE3 /* Pods-RickAndMortyiOS.debug.xcconfig */,
				F24EE8F6FF53D17B9DF4E441 /* Pods-RickAndMortyiOS.release.xcconfig */,
				459F87F1E0B7BDCD50610CFE /* Pods-RickAndMortyiOS-RickAndMortyiOSUITests.debug.xcconfig */,
				F9A2D57ED054891C00378A81 /* Pods-RickAndMortyiOS-RickAndMortyiOSUITests.release.xcconfig */,
				1A3950F08D2569913DC3A95E /* Pods-RickAndMortyiOSTests.debug.xcconfig */,
				B32108E68BFD2907A692BF44 /* Pods-RickAndMortyiOSTests.release.xcconfig */,
			);
			path = Pods;
			sourceTree = "<group>";
		};
		656D0F8924E6ED5700A74E51 = {
			isa = PBXGroup;
			children = (
				656D0F9424E6ED5700A74E51 /* RickAndMortyiOS */,
				656D0FAB24E6ED5A00A74E51 /* RickAndMortyiOSTests */,
				656D0FB624E6ED5A00A74E51 /* RickAndMortyiOSUITests */,
				656D0F9324E6ED5700A74E51 /* Products */,
				4D0208D35FA8011CD4720F8B /* Pods */,
				46C487BF29BCA204C111455E /* Frameworks */,
			);
			sourceTree = "<group>";
		};
		656D0F9324E6ED5700A74E51 /* Products */ = {
			isa = PBXGroup;
			children = (
				656D0F9224E6ED5700A74E51 /* RickAndMortyiOS.app */,
				656D0FA824E6ED5A00A74E51 /* RickAndMortyiOSTests.xctest */,
				656D0FB324E6ED5A00A74E51 /* RickAndMortyiOSUITests.xctest */,
			);
			name = Products;
			sourceTree = "<group>";
		};
		656D0F9424E6ED5700A74E51 /* RickAndMortyiOS */ = {
			isa = PBXGroup;
			children = (
				656D0F9524E6ED5700A74E51 /* AppDelegate.swift */,
				656D0F9724E6ED5700A74E51 /* SceneDelegate.swift */,
				656D0FE124E93F4900A74E51 /* RAM API */,
				656D0FE224E93F5B00A74E51 /* RAM Feature */,
				656D0FE424E93F7800A74E51 /* RAM ViewModels */,
				656D0FE324E93F6900A74E51 /* RAM UI */,
				656D0F9E24E6ED5A00A74E51 /* Assets.xcassets */,
				656D0FA324E6ED5A00A74E51 /* Info.plist */,
			);
			path = RickAndMortyiOS;
			sourceTree = "<group>";
		};
		656D0FAB24E6ED5A00A74E51 /* RickAndMortyiOSTests */ = {
			isa = PBXGroup;
			children = (
				656D0FAC24E6ED5A00A74E51 /* RickAndMortyiOSTests.swift */,
				656D0FDF24E93E2100A74E51 /* RickAndMortyAPITests.swift */,
				656D0FCB24E83C0000A74E51 /* URLSessionHTTPClientTest.swift */,
				656D0FAE24E6ED5A00A74E51 /* Info.plist */,
			);
			path = RickAndMortyiOSTests;
			sourceTree = "<group>";
		};
		656D0FB624E6ED5A00A74E51 /* RickAndMortyiOSUITests */ = {
			isa = PBXGroup;
			children = (
				656D0FB724E6ED5A00A74E51 /* RickAndMortyiOSUITests.swift */,
				656D0FB924E6ED5A00A74E51 /* Info.plist */,
			);
			path = RickAndMortyiOSUITests;
			sourceTree = "<group>";
		};
		656D0FE124E93F4900A74E51 /* RAM API */ = {
			isa = PBXGroup;
			children = (
				656D0FC524E6ED8C00A74E51 /* RemoteRickAndMortyCharacterItem.swift */,
				656D0FD524E845DD00A74E51 /* RickAndMortyAPI.swift */,
				656D0FCF24E83E3800A74E51 /* HTTPClient.swift */,
				656D0FC924E83BDC00A74E51 /* URLSessionHTTPClient.swift */,
			);
			path = "RAM API";
			sourceTree = "<group>";
		};
		656D0FE224E93F5B00A74E51 /* RAM Feature */ = {
			isa = PBXGroup;
			children = (
				656D0FD724E85FEF00A74E51 /* CharacterLoader.swift */,
				656D0FE724E94C4100A74E51 /* RickAndMortyCharacter.swift */,
			);
			path = "RAM Feature";
			sourceTree = "<group>";
		};
		656D0FE324E93F6900A74E51 /* RAM UI */ = {
			isa = PBXGroup;
			children = (
				656D0FE524E9486B00A74E51 /* CharacterViewController.swift */,
				656D0F9924E6ED5700A74E51 /* CharactersListViewController.swift */,
			);
			path = "RAM UI";
			sourceTree = "<group>";
		};
		656D0FE424E93F7800A74E51 /* RAM ViewModels */ = {
			isa = PBXGroup;
			children = (
				656D0FD324E8446A00A74E51 /* CharactersViewModel.swift */,
			);
			path = "RAM ViewModels";
			sourceTree = "<group>";
		};
/* End PBXGroup section */

/* Begin PBXNativeTarget section */
		656D0F9124E6ED5700A74E51 /* RickAndMortyiOS */ = {
			isa = PBXNativeTarget;
			buildConfigurationList = 656D0FBC24E6ED5A00A74E51 /* Build configuration list for PBXNativeTarget "RickAndMortyiOS" */;
			buildPhases = (
				539B120E966CE3FE60A0D596 /* [CP] Check Pods Manifest.lock */,
				656D0F8E24E6ED5700A74E51 /* Sources */,
				656D0F8F24E6ED5700A74E51 /* Frameworks */,
				656D0F9024E6ED5700A74E51 /* Resources */,
				53C94702B7196DF7870E831A /* [CP] Embed Pods Frameworks */,
			);
			buildRules = (
			);
			dependencies = (
			);
			name = RickAndMortyiOS;
			productName = RickAndMortyiOS;
			productReference = 656D0F9224E6ED5700A74E51 /* RickAndMortyiOS.app */;
			productType = "com.apple.product-type.application";
		};
		656D0FA724E6ED5A00A74E51 /* RickAndMortyiOSTests */ = {
			isa = PBXNativeTarget;
			buildConfigurationList = 656D0FBF24E6ED5A00A74E51 /* Build configuration list for PBXNativeTarget "RickAndMortyiOSTests" */;
			buildPhases = (
				7B78067DD1F0AB182278AF17 /* [CP] Check Pods Manifest.lock */,
				656D0FA424E6ED5A00A74E51 /* Sources */,
				656D0FA524E6ED5A00A74E51 /* Frameworks */,
				656D0FA624E6ED5A00A74E51 /* Resources */,
			);
			buildRules = (
			);
			dependencies = (
				656D0FAA24E6ED5A00A74E51 /* PBXTargetDependency */,
			);
			name = RickAndMortyiOSTests;
			productName = RickAndMortyiOSTests;
			productReference = 656D0FA824E6ED5A00A74E51 /* RickAndMortyiOSTests.xctest */;
			productType = "com.apple.product-type.bundle.unit-test";
		};
		656D0FB224E6ED5A00A74E51 /* RickAndMortyiOSUITests */ = {
			isa = PBXNativeTarget;
			buildConfigurationList = 656D0FC224E6ED5A00A74E51 /* Build configuration list for PBXNativeTarget "RickAndMortyiOSUITests" */;
			buildPhases = (
				A9B2A6A1F35477C25321728F /* [CP] Check Pods Manifest.lock */,
				656D0FAF24E6ED5A00A74E51 /* Sources */,
				656D0FB024E6ED5A00A74E51 /* Frameworks */,
				656D0FB124E6ED5A00A74E51 /* Resources */,
				43259991107A55BD94457D61 /* [CP] Embed Pods Frameworks */,
			);
			buildRules = (
			);
			dependencies = (
				656D0FB524E6ED5A00A74E51 /* PBXTargetDependency */,
			);
			name = RickAndMortyiOSUITests;
			productName = RickAndMortyiOSUITests;
			productReference = 656D0FB324E6ED5A00A74E51 /* RickAndMortyiOSUITests.xctest */;
			productType = "com.apple.product-type.bundle.ui-testing";
		};
/* End PBXNativeTarget section */

/* Begin PBXProject section */
		656D0F8A24E6ED5700A74E51 /* Project object */ = {
			isa = PBXProject;
			attributes = {
				LastSwiftUpdateCheck = 1150;
				LastUpgradeCheck = 1150;
				ORGANIZATIONNAME = "Sebastian Wiatrzyk";
				TargetAttributes = {
					656D0F9124E6ED5700A74E51 = {
						CreatedOnToolsVersion = 11.5;
					};
					656D0FA724E6ED5A00A74E51 = {
						CreatedOnToolsVersion = 11.5;
						TestTargetID = 656D0F9124E6ED5700A74E51;
					};
					656D0FB224E6ED5A00A74E51 = {
						CreatedOnToolsVersion = 11.5;
						TestTargetID = 656D0F9124E6ED5700A74E51;
					};
				};
			};
			buildConfigurationList = 656D0F8D24E6ED5700A74E51 /* Build configuration list for PBXProject "RickAndMortyiOS" */;
			compatibilityVersion = "Xcode 9.3";
			developmentRegion = en;
			hasScannedForEncodings = 0;
			knownRegions = (
				en,
				Base,
			);
			mainGroup = 656D0F8924E6ED5700A74E51;
			productRefGroup = 656D0F9324E6ED5700A74E51 /* Products */;
			projectDirPath = "";
			projectRoot = "";
			targets = (
				656D0F9124E6ED5700A74E51 /* RickAndMortyiOS */,
				656D0FA724E6ED5A00A74E51 /* RickAndMortyiOSTests */,
				656D0FB224E6ED5A00A74E51 /* RickAndMortyiOSUITests */,
			);
		};
/* End PBXProject section */

/* Begin PBXResourcesBuildPhase section */
		656D0F9024E6ED5700A74E51 /* Resources */ = {
			isa = PBXResourcesBuildPhase;
			buildActionMask = 2147483647;
			files = (
				656D0F9F24E6ED5A00A74E51 /* Assets.xcassets in Resources */,
			);
			runOnlyForDeploymentPostprocessing = 0;
		};
		656D0FA624E6ED5A00A74E51 /* Resources */ = {
			isa = PBXResourcesBuildPhase;
			buildActionMask = 2147483647;
			files = (
			);
			runOnlyForDeploymentPostprocessing = 0;
		};
		656D0FB124E6ED5A00A74E51 /* Resources */ = {
			isa = PBXResourcesBuildPhase;
			buildActionMask = 2147483647;
			files = (
			);
			runOnlyForDeploymentPostprocessing = 0;
		};
/* End PBXResourcesBuildPhase section */

/* Begin PBXShellScriptBuildPhase section */
		43259991107A55BD94457D61 /* [CP] Embed Pods Frameworks */ = {
			isa = PBXShellScriptBuildPhase;
			buildActionMask = 2147483647;
			files = (
			);
			inputFileListPaths = (
				"${PODS_ROOT}/Target Support Files/Pods-RickAndMortyiOS-RickAndMortyiOSUITests/Pods-RickAndMortyiOS-RickAndMortyiOSUITests-frameworks-${CONFIGURATION}-input-files.xcfilelist",
			);
			name = "[CP] Embed Pods Frameworks";
			outputFileListPaths = (
				"${PODS_ROOT}/Target Support Files/Pods-RickAndMortyiOS-RickAndMortyiOSUITests/Pods-RickAndMortyiOS-RickAndMortyiOSUITests-frameworks-${CONFIGURATION}-output-files.xcfilelist",
			);
			runOnlyForDeploymentPostprocessing = 0;
			shellPath = /bin/sh;
			shellScript = "\"${PODS_ROOT}/Target Support Files/Pods-RickAndMortyiOS-RickAndMortyiOSUITests/Pods-RickAndMortyiOS-RickAndMortyiOSUITests-frameworks.sh\"\n";
			showEnvVarsInLog = 0;
		};
		539B120E966CE3FE60A0D596 /* [CP] Check Pods Manifest.lock */ = {
			isa = PBXShellScriptBuildPhase;
			buildActionMask = 2147483647;
			files = (
			);
			inputFileListPaths = (
			);
			inputPaths = (
				"${PODS_PODFILE_DIR_PATH}/Podfile.lock",
				"${PODS_ROOT}/Manifest.lock",
			);
			name = "[CP] Check Pods Manifest.lock";
			outputFileListPaths = (
			);
			outputPaths = (
				"$(DERIVED_FILE_DIR)/Pods-RickAndMortyiOS-checkManifestLockResult.txt",
			);
			runOnlyForDeploymentPostprocessing = 0;
			shellPath = /bin/sh;
			shellScript = "diff \"${PODS_PODFILE_DIR_PATH}/Podfile.lock\" \"${PODS_ROOT}/Manifest.lock\" > /dev/null\nif [ $? != 0 ] ; then\n    # print error to STDERR\n    echo \"error: The sandbox is not in sync with the Podfile.lock. Run 'pod install' or update your CocoaPods installation.\" >&2\n    exit 1\nfi\n# This output is used by Xcode 'outputs' to avoid re-running this script phase.\necho \"SUCCESS\" > \"${SCRIPT_OUTPUT_FILE_0}\"\n";
			showEnvVarsInLog = 0;
		};
		53C94702B7196DF7870E831A /* [CP] Embed Pods Frameworks */ = {
			isa = PBXShellScriptBuildPhase;
			buildActionMask = 2147483647;
			files = (
			);
			inputFileListPaths = (
				"${PODS_ROOT}/Target Support Files/Pods-RickAndMortyiOS/Pods-RickAndMortyiOS-frameworks-${CONFIGURATION}-input-files.xcfilelist",
			);
			name = "[CP] Embed Pods Frameworks";
			outputFileListPaths = (
				"${PODS_ROOT}/Target Support Files/Pods-RickAndMortyiOS/Pods-RickAndMortyiOS-frameworks-${CONFIGURATION}-output-files.xcfilelist",
			);
			runOnlyForDeploymentPostprocessing = 0;
			shellPath = /bin/sh;
			shellScript = "\"${PODS_ROOT}/Target Support Files/Pods-RickAndMortyiOS/Pods-RickAndMortyiOS-frameworks.sh\"\n";
			showEnvVarsInLog = 0;
		};
		7B78067DD1F0AB182278AF17 /* [CP] Check Pods Manifest.lock */ = {
			isa = PBXShellScriptBuildPhase;
			buildActionMask = 2147483647;
			files = (
			);
			inputFileListPaths = (
			);
			inputPaths = (
				"${PODS_PODFILE_DIR_PATH}/Podfile.lock",
				"${PODS_ROOT}/Manifest.lock",
			);
			name = "[CP] Check Pods Manifest.lock";
			outputFileListPaths = (
			);
			outputPaths = (
				"$(DERIVED_FILE_DIR)/Pods-RickAndMortyiOSTests-checkManifestLockResult.txt",
			);
			runOnlyForDeploymentPostprocessing = 0;
			shellPath = /bin/sh;
			shellScript = "diff \"${PODS_PODFILE_DIR_PATH}/Podfile.lock\" \"${PODS_ROOT}/Manifest.lock\" > /dev/null\nif [ $? != 0 ] ; then\n    # print error to STDERR\n    echo \"error: The sandbox is not in sync with the Podfile.lock. Run 'pod install' or update your CocoaPods installation.\" >&2\n    exit 1\nfi\n# This output is used by Xcode 'outputs' to avoid re-running this script phase.\necho \"SUCCESS\" > \"${SCRIPT_OUTPUT_FILE_0}\"\n";
			showEnvVarsInLog = 0;
		};
		A9B2A6A1F35477C25321728F /* [CP] Check Pods Manifest.lock */ = {
			isa = PBXShellScriptBuildPhase;
			buildActionMask = 2147483647;
			files = (
			);
			inputFileListPaths = (
			);
			inputPaths = (
				"${PODS_PODFILE_DIR_PATH}/Podfile.lock",
				"${PODS_ROOT}/Manifest.lock",
			);
			name = "[CP] Check Pods Manifest.lock";
			outputFileListPaths = (
			);
			outputPaths = (
				"$(DERIVED_FILE_DIR)/Pods-RickAndMortyiOS-RickAndMortyiOSUITests-checkManifestLockResult.txt",
			);
			runOnlyForDeploymentPostprocessing = 0;
			shellPath = /bin/sh;
			shellScript = "diff \"${PODS_PODFILE_DIR_PATH}/Podfile.lock\" \"${PODS_ROOT}/Manifest.lock\" > /dev/null\nif [ $? != 0 ] ; then\n    # print error to STDERR\n    echo \"error: The sandbox is not in sync with the Podfile.lock. Run 'pod install' or update your CocoaPods installation.\" >&2\n    exit 1\nfi\n# This output is used by Xcode 'outputs' to avoid re-running this script phase.\necho \"SUCCESS\" > \"${SCRIPT_OUTPUT_FILE_0}\"\n";
			showEnvVarsInLog = 0;
		};
/* End PBXShellScriptBuildPhase section */

/* Begin PBXSourcesBuildPhase section */
		656D0F8E24E6ED5700A74E51 /* Sources */ = {
			isa = PBXSourcesBuildPhase;
			buildActionMask = 2147483647;
			files = (
				656D0F9A24E6ED5700A74E51 /* CharactersListViewController.swift in Sources */,
				656D0FD624E845DD00A74E51 /* RickAndMortyAPI.swift in Sources */,
				656D0FD424E8446A00A74E51 /* CharactersViewModel.swift in Sources */,
				656D0FCA24E83BDC00A74E51 /* URLSessionHTTPClient.swift in Sources */,
				656D0FD824E85FEF00A74E51 /* CharacterLoader.swift in Sources */,
				656D0FD024E83E3800A74E51 /* HTTPClient.swift in Sources */,
				656D0FE624E9486B00A74E51 /* CharacterViewController.swift in Sources */,
				656D0F9624E6ED5700A74E51 /* AppDelegate.swift in Sources */,
				656D0FC624E6ED8C00A74E51 /* RemoteRickAndMortyCharacterItem.swift in Sources */,
				656D0FE824E94C4100A74E51 /* RickAndMortyCharacter.swift in Sources */,
				656D0F9824E6ED5700A74E51 /* SceneDelegate.swift in Sources */,
			);
			runOnlyForDeploymentPostprocessing = 0;
		};
		656D0FA424E6ED5A00A74E51 /* Sources */ = {
			isa = PBXSourcesBuildPhase;
			buildActionMask = 2147483647;
			files = (
				656D0FE024E93E2100A74E51 /* RickAndMortyAPITests.swift in Sources */,
				656D0FCC24E83C0000A74E51 /* URLSessionHTTPClientTest.swift in Sources */,
				656D0FAD24E6ED5A00A74E51 /* RickAndMortyiOSTests.swift in Sources */,
			);
			runOnlyForDeploymentPostprocessing = 0;
		};
		656D0FAF24E6ED5A00A74E51 /* Sources */ = {
			isa = PBXSourcesBuildPhase;
			buildActionMask = 2147483647;
			files = (
				656D0FB824E6ED5A00A74E51 /* RickAndMortyiOSUITests.swift in Sources */,
			);
			runOnlyForDeploymentPostprocessing = 0;
		};
/* End PBXSourcesBuildPhase section */

/* Begin PBXTargetDependency section */
		656D0FAA24E6ED5A00A74E51 /* PBXTargetDependency */ = {
			isa = PBXTargetDependency;
			target = 656D0F9124E6ED5700A74E51 /* RickAndMortyiOS */;
			targetProxy = 656D0FA924E6ED5A00A74E51 /* PBXContainerItemProxy */;
		};
		656D0FB524E6ED5A00A74E51 /* PBXTargetDependency */ = {
			isa = PBXTargetDependency;
			target = 656D0F9124E6ED5700A74E51 /* RickAndMortyiOS */;
			targetProxy = 656D0FB424E6ED5A00A74E51 /* PBXContainerItemProxy */;
		};
/* End PBXTargetDependency section */

/* Begin XCBuildConfiguration section */
		656D0FBA24E6ED5A00A74E51 /* Debug */ = {
			isa = XCBuildConfiguration;
			buildSettings = {
				ALWAYS_SEARCH_USER_PATHS = NO;
				CLANG_ANALYZER_NONNULL = YES;
				CLANG_ANALYZER_NUMBER_OBJECT_CONVERSION = YES_AGGRESSIVE;
				CLANG_CXX_LANGUAGE_STANDARD = "gnu++14";
				CLANG_CXX_LIBRARY = "libc++";
				CLANG_ENABLE_MODULES = YES;
				CLANG_ENABLE_OBJC_ARC = YES;
				CLANG_ENABLE_OBJC_WEAK = YES;
				CLANG_WARN_BLOCK_CAPTURE_AUTORELEASING = YES;
				CLANG_WARN_BOOL_CONVERSION = YES;
				CLANG_WARN_COMMA = YES;
				CLANG_WARN_CONSTANT_CONVERSION = YES;
				CLANG_WARN_DEPRECATED_OBJC_IMPLEMENTATIONS = YES;
				CLANG_WARN_DIRECT_OBJC_ISA_USAGE = YES_ERROR;
				CLANG_WARN_DOCUMENTATION_COMMENTS = YES;
				CLANG_WARN_EMPTY_BODY = YES;
				CLANG_WARN_ENUM_CONVERSION = YES;
				CLANG_WARN_INFINITE_RECURSION = YES;
				CLANG_WARN_INT_CONVERSION = YES;
				CLANG_WARN_NON_LITERAL_NULL_CONVERSION = YES;
				CLANG_WARN_OBJC_IMPLICIT_RETAIN_SELF = YES;
				CLANG_WARN_OBJC_LITERAL_CONVERSION = YES;
				CLANG_WARN_OBJC_ROOT_CLASS = YES_ERROR;
				CLANG_WARN_RANGE_LOOP_ANALYSIS = YES;
				CLANG_WARN_STRICT_PROTOTYPES = YES;
				CLANG_WARN_SUSPICIOUS_MOVE = YES;
				CLANG_WARN_UNGUARDED_AVAILABILITY = YES_AGGRESSIVE;
				CLANG_WARN_UNREACHABLE_CODE = YES;
				CLANG_WARN__DUPLICATE_METHOD_MATCH = YES;
				COPY_PHASE_STRIP = NO;
				DEBUG_INFORMATION_FORMAT = dwarf;
				ENABLE_STRICT_OBJC_MSGSEND = YES;
				ENABLE_TESTABILITY = YES;
				GCC_C_LANGUAGE_STANDARD = gnu11;
				GCC_DYNAMIC_NO_PIC = NO;
				GCC_NO_COMMON_BLOCKS = YES;
				GCC_OPTIMIZATION_LEVEL = 0;
				GCC_PREPROCESSOR_DEFINITIONS = (
					"DEBUG=1",
					"$(inherited)",
				);
				GCC_WARN_64_TO_32_BIT_CONVERSION = YES;
				GCC_WARN_ABOUT_RETURN_TYPE = YES_ERROR;
				GCC_WARN_UNDECLARED_SELECTOR = YES;
				GCC_WARN_UNINITIALIZED_AUTOS = YES_AGGRESSIVE;
				GCC_WARN_UNUSED_FUNCTION = YES;
				GCC_WARN_UNUSED_VARIABLE = YES;
				IPHONEOS_DEPLOYMENT_TARGET = 13.5;
				MTL_ENABLE_DEBUG_INFO = INCLUDE_SOURCE;
				MTL_FAST_MATH = YES;
				ONLY_ACTIVE_ARCH = YES;
				SDKROOT = iphoneos;
				SWIFT_ACTIVE_COMPILATION_CONDITIONS = DEBUG;
				SWIFT_OPTIMIZATION_LEVEL = "-Onone";
			};
			name = Debug;
		};
		656D0FBB24E6ED5A00A74E51 /* Release */ = {
			isa = XCBuildConfiguration;
			buildSettings = {
				ALWAYS_SEARCH_USER_PATHS = NO;
				CLANG_ANALYZER_NONNULL = YES;
				CLANG_ANALYZER_NUMBER_OBJECT_CONVERSION = YES_AGGRESSIVE;
				CLANG_CXX_LANGUAGE_STANDARD = "gnu++14";
				CLANG_CXX_LIBRARY = "libc++";
				CLANG_ENABLE_MODULES = YES;
				CLANG_ENABLE_OBJC_ARC = YES;
				CLANG_ENABLE_OBJC_WEAK = YES;
				CLANG_WARN_BLOCK_CAPTURE_AUTORELEASING = YES;
				CLANG_WARN_BOOL_CONVERSION = YES;
				CLANG_WARN_COMMA = YES;
				CLANG_WARN_CONSTANT_CONVERSION = YES;
				CLANG_WARN_DEPRECATED_OBJC_IMPLEMENTATIONS = YES;
				CLANG_WARN_DIRECT_OBJC_ISA_USAGE = YES_ERROR;
				CLANG_WARN_DOCUMENTATION_COMMENTS = YES;
				CLANG_WARN_EMPTY_BODY = YES;
				CLANG_WARN_ENUM_CONVERSION = YES;
				CLANG_WARN_INFINITE_RECURSION = YES;
				CLANG_WARN_INT_CONVERSION = YES;
				CLANG_WARN_NON_LITERAL_NULL_CONVERSION = YES;
				CLANG_WARN_OBJC_IMPLICIT_RETAIN_SELF = YES;
				CLANG_WARN_OBJC_LITERAL_CONVERSION = YES;
				CLANG_WARN_OBJC_ROOT_CLASS = YES_ERROR;
				CLANG_WARN_RANGE_LOOP_ANALYSIS = YES;
				CLANG_WARN_STRICT_PROTOTYPES = YES;
				CLANG_WARN_SUSPICIOUS_MOVE = YES;
				CLANG_WARN_UNGUARDED_AVAILABILITY = YES_AGGRESSIVE;
				CLANG_WARN_UNREACHABLE_CODE = YES;
				CLANG_WARN__DUPLICATE_METHOD_MATCH = YES;
				COPY_PHASE_STRIP = NO;
				DEBUG_INFORMATION_FORMAT = "dwarf-with-dsym";
				ENABLE_NS_ASSERTIONS = NO;
				ENABLE_STRICT_OBJC_MSGSEND = YES;
				GCC_C_LANGUAGE_STANDARD = gnu11;
				GCC_NO_COMMON_BLOCKS = YES;
				GCC_WARN_64_TO_32_BIT_CONVERSION = YES;
				GCC_WARN_ABOUT_RETURN_TYPE = YES_ERROR;
				GCC_WARN_UNDECLARED_SELECTOR = YES;
				GCC_WARN_UNINITIALIZED_AUTOS = YES_AGGRESSIVE;
				GCC_WARN_UNUSED_FUNCTION = YES;
				GCC_WARN_UNUSED_VARIABLE = YES;
				IPHONEOS_DEPLOYMENT_TARGET = 13.5;
				MTL_ENABLE_DEBUG_INFO = NO;
				MTL_FAST_MATH = YES;
				SDKROOT = iphoneos;
				SWIFT_COMPILATION_MODE = wholemodule;
				SWIFT_OPTIMIZATION_LEVEL = "-O";
				VALIDATE_PRODUCT = YES;
			};
			name = Release;
		};
		656D0FBD24E6ED5A00A74E51 /* Debug */ = {
			isa = XCBuildConfiguration;
			baseConfigurationReference = 33B5DD23A599895C689C7FE3 /* Pods-RickAndMortyiOS.debug.xcconfig */;
			buildSettings = {
				ASSETCATALOG_COMPILER_APPICON_NAME = AppIcon;
				CODE_SIGN_STYLE = Automatic;
				DEVELOPMENT_TEAM = R26SW2S6UK;
				INFOPLIST_FILE = RickAndMortyiOS/Info.plist;
				LD_RUNPATH_SEARCH_PATHS = (
					"$(inherited)",
					"@executable_path/Frameworks",
				);
				PRODUCT_BUNDLE_IDENTIFIER = rickAndMortyiOS.RickAndMortyiOS;
				PRODUCT_NAME = "$(TARGET_NAME)";
				SWIFT_VERSION = 5.0;
				TARGETED_DEVICE_FAMILY = "1,2";
			};
			name = Debug;
		};
		656D0FBE24E6ED5A00A74E51 /* Release */ = {
			isa = XCBuildConfiguration;
			baseConfigurationReference = F24EE8F6FF53D17B9DF4E441 /* Pods-RickAndMortyiOS.release.xcconfig */;
			buildSettings = {
				ASSETCATALOG_COMPILER_APPICON_NAME = AppIcon;
				CODE_SIGN_STYLE = Automatic;
				DEVELOPMENT_TEAM = R26SW2S6UK;
				INFOPLIST_FILE = RickAndMortyiOS/Info.plist;
				LD_RUNPATH_SEARCH_PATHS = (
					"$(inherited)",
					"@executable_path/Frameworks",
				);
				PRODUCT_BUNDLE_IDENTIFIER = rickAndMortyiOS.RickAndMortyiOS;
				PRODUCT_NAME = "$(TARGET_NAME)";
				SWIFT_VERSION = 5.0;
				TARGETED_DEVICE_FAMILY = "1,2";
			};
			name = Release;
		};
		656D0FC024E6ED5A00A74E51 /* Debug */ = {
			isa = XCBuildConfiguration;
			baseConfigurationReference = 1A3950F08D2569913DC3A95E /* Pods-RickAndMortyiOSTests.debug.xcconfig */;
			buildSettings = {
				ALWAYS_EMBED_SWIFT_STANDARD_LIBRARIES = YES;
				BUNDLE_LOADER = "$(TEST_HOST)";
				CODE_SIGN_STYLE = Automatic;
				DEVELOPMENT_TEAM = R26SW2S6UK;
				INFOPLIST_FILE = RickAndMortyiOSTests/Info.plist;
				IPHONEOS_DEPLOYMENT_TARGET = 13.5;
				LD_RUNPATH_SEARCH_PATHS = (
					"$(inherited)",
					"@executable_path/Frameworks",
					"@loader_path/Frameworks",
				);
				PRODUCT_BUNDLE_IDENTIFIER = rickAndMortyiOS.RickAndMortyiOSTests;
				PRODUCT_NAME = "$(TARGET_NAME)";
				SWIFT_VERSION = 5.0;
				TARGETED_DEVICE_FAMILY = "1,2";
				TEST_HOST = "$(BUILT_PRODUCTS_DIR)/RickAndMortyiOS.app/RickAndMortyiOS";
			};
			name = Debug;
		};
		656D0FC124E6ED5A00A74E51 /* Release */ = {
			isa = XCBuildConfiguration;
			baseConfigurationReference = B32108E68BFD2907A692BF44 /* Pods-RickAndMortyiOSTests.release.xcconfig */;
			buildSettings = {
				ALWAYS_EMBED_SWIFT_STANDARD_LIBRARIES = YES;
				BUNDLE_LOADER = "$(TEST_HOST)";
				CODE_SIGN_STYLE = Automatic;
				DEVELOPMENT_TEAM = R26SW2S6UK;
				INFOPLIST_FILE = RickAndMortyiOSTests/Info.plist;
				IPHONEOS_DEPLOYMENT_TARGET = 13.5;
				LD_RUNPATH_SEARCH_PATHS = (
					"$(inherited)",
					"@executable_path/Frameworks",
					"@loader_path/Frameworks",
				);
				PRODUCT_BUNDLE_IDENTIFIER = rickAndMortyiOS.RickAndMortyiOSTests;
				PRODUCT_NAME = "$(TARGET_NAME)";
				SWIFT_VERSION = 5.0;
				TARGETED_DEVICE_FAMILY = "1,2";
				TEST_HOST = "$(BUILT_PRODUCTS_DIR)/RickAndMortyiOS.app/RickAndMortyiOS";
			};
			name = Release;
		};
		656D0FC324E6ED5A00A74E51 /* Debug */ = {
			isa = XCBuildConfiguration;
			baseConfigurationReference = 459F87F1E0B7BDCD50610CFE /* Pods-RickAndMortyiOS-RickAndMortyiOSUITests.debug.xcconfig */;
			buildSettings = {
				ALWAYS_EMBED_SWIFT_STANDARD_LIBRARIES = YES;
				CODE_SIGN_STYLE = Automatic;
				DEVELOPMENT_TEAM = R26SW2S6UK;
				INFOPLIST_FILE = RickAndMortyiOSUITests/Info.plist;
				LD_RUNPATH_SEARCH_PATHS = (
					"$(inherited)",
					"@executable_path/Frameworks",
					"@loader_path/Frameworks",
				);
				PRODUCT_BUNDLE_IDENTIFIER = rickAndMortyiOS.RickAndMortyiOSUITests;
				PRODUCT_NAME = "$(TARGET_NAME)";
				SWIFT_VERSION = 5.0;
				TARGETED_DEVICE_FAMILY = "1,2";
				TEST_TARGET_NAME = RickAndMortyiOS;
			};
			name = Debug;
		};
		656D0FC424E6ED5A00A74E51 /* Release */ = {
			isa = XCBuildConfiguration;
			baseConfigurationReference = F9A2D57ED054891C00378A81 /* Pods-RickAndMortyiOS-RickAndMortyiOSUITests.release.xcconfig */;
			buildSettings = {
				ALWAYS_EMBED_SWIFT_STANDARD_LIBRARIES = YES;
				CODE_SIGN_STYLE = Automatic;
				DEVELOPMENT_TEAM = R26SW2S6UK;
				INFOPLIST_FILE = RickAndMortyiOSUITests/Info.plist;
				LD_RUNPATH_SEARCH_PATHS = (
					"$(inherited)",
					"@executable_path/Frameworks",
					"@loader_path/Frameworks",
				);
				PRODUCT_BUNDLE_IDENTIFIER = rickAndMortyiOS.RickAndMortyiOSUITests;
				PRODUCT_NAME = "$(TARGET_NAME)";
				SWIFT_VERSION = 5.0;
				TARGETED_DEVICE_FAMILY = "1,2";
				TEST_TARGET_NAME = RickAndMortyiOS;
			};
			name = Release;
		};
/* End XCBuildConfiguration section */

/* Begin XCConfigurationList section */
		656D0F8D24E6ED5700A74E51 /* Build configuration list for PBXProject "RickAndMortyiOS" */ = {
			isa = XCConfigurationList;
			buildConfigurations = (
				656D0FBA24E6ED5A00A74E51 /* Debug */,
				656D0FBB24E6ED5A00A74E51 /* Release */,
			);
			defaultConfigurationIsVisible = 0;
			defaultConfigurationName = Release;
		};
		656D0FBC24E6ED5A00A74E51 /* Build configuration list for PBXNativeTarget "RickAndMortyiOS" */ = {
			isa = XCConfigurationList;
			buildConfigurations = (
				656D0FBD24E6ED5A00A74E51 /* Debug */,
				656D0FBE24E6ED5A00A74E51 /* Release */,
			);
			defaultConfigurationIsVisible = 0;
			defaultConfigurationName = Release;
		};
		656D0FBF24E6ED5A00A74E51 /* Build configuration list for PBXNativeTarget "RickAndMortyiOSTests" */ = {
			isa = XCConfigurationList;
			buildConfigurations = (
				656D0FC024E6ED5A00A74E51 /* Debug */,
				656D0FC124E6ED5A00A74E51 /* Release */,
			);
			defaultConfigurationIsVisible = 0;
			defaultConfigurationName = Release;
		};
		656D0FC224E6ED5A00A74E51 /* Build configuration list for PBXNativeTarget "RickAndMortyiOSUITests" */ = {
			isa = XCConfigurationList;
			buildConfigurations = (
				656D0FC324E6ED5A00A74E51 /* Debug */,
				656D0FC424E6ED5A00A74E51 /* Release */,
			);
			defaultConfigurationIsVisible = 0;
			defaultConfigurationName = Release;
		};
/* End XCConfigurationList section */
	};
	rootObject = 656D0F8A24E6ED5700A74E51 /* Project object */;
}
